// !$*UTF8*$!
{
	archiveVersion = 1;
	classes = {
	};
	objectVersion = 77;
	objects = {

/* Begin PBXBuildFile section */
		4075A0032F254952002F9BB4 /* Profile.swift in Sources */ = {isa = PBXBuildFile; fileRef = 4075A0022F254952002F9BB4 /* Profile.swift */; };
		4075A0062F25498C002F9BB4 /* ProfileHost.swift in Sources */ = {isa = PBXBuildFile; fileRef = 4075A0052F25498C002F9BB4 /* ProfileHost.swift */; };
		4075A0082F2549C5002F9BB4 /* ProfileSummary.swift in Sources */ = {isa = PBXBuildFile; fileRef = 4075A0072F2549C5002F9BB4 /* ProfileSummary.swift */; };
		4075A00A2F254AB6002F9BB4 /* HikeBadge.swift in Sources */ = {isa = PBXBuildFile; fileRef = 4075A0092F254AB6002F9BB4 /* HikeBadge.swift */; };
		4075A00C2F25556F002F9BB4 /* ProfileEditor.swift in Sources */ = {isa = PBXBuildFile; fileRef = 4075A00B2F25556F002F9BB4 /* ProfileEditor.swift */; };
		408BDA282F1638470023E58C /* hikeData.json in Resources */ = {isa = PBXBuildFile; fileRef = 408BDA272F1638470023E58C /* hikeData.json */; };
		408BDA2C2F1638A00023E58C /* Hike.swift in Sources */ = {isa = PBXBuildFile; fileRef = 408BDA2B2F1638A00023E58C /* Hike.swift */; };
		408BDA2F2F1639D60023E58C /* HikeView.swift in Sources */ = {isa = PBXBuildFile; fileRef = 408BDA2E2F1639D60023E58C /* HikeView.swift */; };
		408BDA312F1639FA0023E58C /* HikeGraph.swift in Sources */ = {isa = PBXBuildFile; fileRef = 408BDA302F1639FA0023E58C /* HikeGraph.swift */; };
		408BDA342F163A020023E58C /* GraphCapsule.swift in Sources */ = {isa = PBXBuildFile; fileRef = 408BDA322F163A020023E58C /* GraphCapsule.swift */; };
		408BDA352F163A020023E58C /* HikeDetail.swift in Sources */ = {isa = PBXBuildFile; fileRef = 408BDA332F163A020023E58C /* HikeDetail.swift */; };
		408BDA392F163F580023E58C /* CategoryHome.swift in Sources */ = {isa = PBXBuildFile; fileRef = 408BDA382F163F580023E58C /* CategoryHome.swift */; };
		408BDA3B2F1643ED0023E58C /* CategoryRow.swift in Sources */ = {isa = PBXBuildFile; fileRef = 408BDA3A2F1643ED0023E58C /* CategoryRow.swift */; };
		408BDA3D2F1645400023E58C /* CategoryItem.swift in Sources */ = {isa = PBXBuildFile; fileRef = 408BDA3C2F1645400023E58C /* CategoryItem.swift */; };
		40C006162F150F1E00484A66 /* HexagonParameters.swift in Sources */ = {isa = PBXBuildFile; fileRef = 40C006152F150F1E00484A66 /* HexagonParameters.swift */; };
		40C006192F150FC000484A66 /* BadgeBackground.swift in Sources */ = {isa = PBXBuildFile; fileRef = 40C006182F150FC000484A66 /* BadgeBackground.swift */; };
		40C0061B2F15123100484A66 /* BadgeSymbol.swift in Sources */ = {isa = PBXBuildFile; fileRef = 40C0061A2F15123100484A66 /* BadgeSymbol.swift */; };
		40C0061D2F15126E00484A66 /* RotatedBadgeSymbol.swift in Sources */ = {isa = PBXBuildFile; fileRef = 40C0061C2F15126E00484A66 /* RotatedBadgeSymbol.swift */; };
		40C0061F2F15129300484A66 /* Badge.swift in Sources */ = {isa = PBXBuildFile; fileRef = 40C0061E2F15129300484A66 /* Badge.swift */; };
		40C135722F2A538900448929 /* PageViewController.swift in Sources */ = {isa = PBXBuildFile; fileRef = 40C135712F2A538900448929 /* PageViewController.swift */; };
		40C135742F2A54A900448929 /* FeatureCard.swift in Sources */ = {isa = PBXBuildFile; fileRef = 40C135732F2A54A900448929 /* FeatureCard.swift */; };
		40C135762F2A552700448929 /* FeaturedTextOverlay.swift in Sources */ = {isa = PBXBuildFile; fileRef = 40C135752F2A552700448929 /* FeaturedTextOverlay.swift */; };
		40C1357C2F2A561B00448929 /* PageView.swift in Sources */ = {isa = PBXBuildFile; fileRef = 40C1357B2F2A561B00448929 /* PageView.swift */; };
		40E709822F112BC900D87B23 /* Landmark.swift in Sources */ = {isa = PBXBuildFile; fileRef = 40E709732F112BC900D87B23 /* Landmark.swift */; };
		40E709832F112BC900D87B23 /* ModelData.swift in Sources */ = {isa = PBXBuildFile; fileRef = 40E709742F112BC900D87B23 /* ModelData.swift */; };
		40E709842F112BC900D87B23 /* CircleImage.swift in Sources */ = {isa = PBXBuildFile; fileRef = 40E7097B2F112BC900D87B23 /* CircleImage.swift */; };
		40E709852F112BC900D87B23 /* ContentView.swift in Sources */ = {isa = PBXBuildFile; fileRef = 40E7097C2F112BC900D87B23 /* ContentView.swift */; };
		40E709862F112BC900D87B23 /* LandmarkRow.swift in Sources */ = {isa = PBXBuildFile; fileRef = 40E7097D2F112BC900D87B23 /* LandmarkRow.swift */; };
		40E709872F112BC900D87B23 /* MapView.swift in Sources */ = {isa = PBXBuildFile; fileRef = 40E7097E2F112BC900D87B23 /* MapView.swift */; };
		40E709882F112BC900D87B23 /* LandmarksApp.swift in Sources */ = {isa = PBXBuildFile; fileRef = 40E709802F112BC900D87B23 /* LandmarksApp.swift */; };
		40E709892F112BC900D87B23 /* Preview Assets.xcassets in Resources */ = {isa = PBXBuildFile; fileRef = 40E709762F112BC900D87B23 /* Preview Assets.xcassets */; };
		40E7098A2F112BC900D87B23 /* Assets.xcassets in Resources */ = {isa = PBXBuildFile; fileRef = 40E709782F112BC900D87B23 /* Assets.xcassets */; };
		40E7098B2F112BC900D87B23 /* landmarkData.json in Resources */ = {isa = PBXBuildFile; fileRef = 40E709792F112BC900D87B23 /* landmarkData.json */; };
		40E7098D2F11552200D87B23 /* LandmarkList.swift in Sources */ = {isa = PBXBuildFile; fileRef = 40E7098C2F11552200D87B23 /* LandmarkList.swift */; };
		40FA9B0C2F14F7ED00535CBC /* LandmarkDetail.swift in Sources */ = {isa = PBXBuildFile; fileRef = 40FA9B0B2F14F7ED00535CBC /* LandmarkDetail.swift */; };
		40FA9B102F15078300535CBC /* FavoriteButton.swift in Sources */ = {isa = PBXBuildFile; fileRef = 40FA9B0F2F15078300535CBC /* FavoriteButton.swift */; };
/* End PBXBuildFile section */

/* Begin PBXContainerItemProxy section */
		4064BD442F0D41EA000C0BB4 /* PBXContainerItemProxy */ = {
			isa = PBXContainerItemProxy;
			containerPortal = 4064BD2B2F0D41E8000C0BB4 /* Project object */;
			proxyType = 1;
			remoteGlobalIDString = 4064BD322F0D41E8000C0BB4;
			remoteInfo = Landmarks;
		};
		4064BD4E2F0D41EA000C0BB4 /* PBXContainerItemProxy */ = {
			isa = PBXContainerItemProxy;
			containerPortal = 4064BD2B2F0D41E8000C0BB4 /* Project object */;
			proxyType = 1;
			remoteGlobalIDString = 4064BD322F0D41E8000C0BB4;
			remoteInfo = Landmarks;
		};
/* End PBXContainerItemProxy section */

/* Begin PBXFileReference section */
		4064BD332F0D41E8000C0BB4 /* Landmarks.app */ = {isa = PBXFileReference; explicitFileType = wrapper.application; includeInIndex = 0; path = Landmarks.app; sourceTree = BUILT_PRODUCTS_DIR; };
		4064BD432F0D41EA000C0BB4 /* LandmarksTests.xctest */ = {isa = PBXFileReference; explicitFileType = wrapper.cfbundle; includeInIndex = 0; path = LandmarksTests.xctest; sourceTree = BUILT_PRODUCTS_DIR; };
		4064BD4D2F0D41EA000C0BB4 /* LandmarksUITests.xctest */ = {isa = PBXFileReference; explicitFileType = wrapper.cfbundle; includeInIndex = 0; path = LandmarksUITests.xctest; sourceTree = BUILT_PRODUCTS_DIR; };
		4075A0022F254952002F9BB4 /* Profile.swift */ = {isa = PBXFileReference; lastKnownFileType = sourcecode.swift; path = Profile.swift; sourceTree = "<group>"; };
		4075A0052F25498C002F9BB4 /* ProfileHost.swift */ = {isa = PBXFileReference; lastKnownFileType = sourcecode.swift; path = ProfileHost.swift; sourceTree = "<group>"; };
		4075A0072F2549C5002F9BB4 /* ProfileSummary.swift */ = {isa = PBXFileReference; lastKnownFileType = sourcecode.swift; path = ProfileSummary.swift; sourceTree = "<group>"; };
		4075A0092F254AB6002F9BB4 /* HikeBadge.swift */ = {isa = PBXFileReference; lastKnownFileType = sourcecode.swift; path = HikeBadge.swift; sourceTree = "<group>"; };
		4075A00B2F25556F002F9BB4 /* ProfileEditor.swift */ = {isa = PBXFileReference; lastKnownFileType = sourcecode.swift; path = ProfileEditor.swift; sourceTree = "<group>"; };
		408BDA272F1638470023E58C /* hikeData.json */ = {isa = PBXFileReference; lastKnownFileType = text.json; path = hikeData.json; sourceTree = "<group>"; };
		408BDA2B2F1638A00023E58C /* Hike.swift */ = {isa = PBXFileReference; lastKnownFileType = sourcecode.swift; path = Hike.swift; sourceTree = "<group>"; };
		408BDA2E2F1639D60023E58C /* HikeView.swift */ = {isa = PBXFileReference; lastKnownFileType = sourcecode.swift; path = HikeView.swift; sourceTree = "<group>"; };
		408BDA302F1639FA0023E58C /* HikeGraph.swift */ = {isa = PBXFileReference; lastKnownFileType = sourcecode.swift; path = HikeGraph.swift; sourceTree = "<group>"; };
		408BDA322F163A020023E58C /* GraphCapsule.swift */ = {isa = PBXFileReference; lastKnownFileType = sourcecode.swift; path = GraphCapsule.swift; sourceTree = "<group>"; };
		408BDA332F163A020023E58C /* HikeDetail.swift */ = {isa = PBXFileReference; lastKnownFileType = sourcecode.swift; path = HikeDetail.swift; sourceTree = "<group>"; };
		408BDA382F163F580023E58C /* CategoryHome.swift */ = {isa = PBXFileReference; lastKnownFileType = sourcecode.swift; path = CategoryHome.swift; sourceTree = "<group>"; };
		408BDA3A2F1643ED0023E58C /* CategoryRow.swift */ = {isa = PBXFileReference; lastKnownFileType = sourcecode.swift; path = CategoryRow.swift; sourceTree = "<group>"; };
		408BDA3C2F1645400023E58C /* CategoryItem.swift */ = {isa = PBXFileReference; lastKnownFileType = sourcecode.swift; path = CategoryItem.swift; sourceTree = "<group>"; };
		40C006152F150F1E00484A66 /* HexagonParameters.swift */ = {isa = PBXFileReference; lastKnownFileType = sourcecode.swift; path = HexagonParameters.swift; sourceTree = "<group>"; };
		40C006182F150FC000484A66 /* BadgeBackground.swift */ = {isa = PBXFileReference; lastKnownFileType = sourcecode.swift; path = BadgeBackground.swift; sourceTree = "<group>"; };
		40C0061A2F15123100484A66 /* BadgeSymbol.swift */ = {isa = PBXFileReference; lastKnownFileType = sourcecode.swift; path = BadgeSymbol.swift; sourceTree = "<group>"; };
		40C0061C2F15126E00484A66 /* RotatedBadgeSymbol.swift */ = {isa = PBXFileReference; lastKnownFileType = sourcecode.swift; path = RotatedBadgeSymbol.swift; sourceTree = "<group>"; };
		40C0061E2F15129300484A66 /* Badge.swift */ = {isa = PBXFileReference; lastKnownFileType = sourcecode.swift; path = Badge.swift; sourceTree = "<group>"; };
		40C135712F2A538900448929 /* PageViewController.swift */ = {isa = PBXFileReference; lastKnownFileType = sourcecode.swift; path = PageViewController.swift; sourceTree = "<group>"; };
		40C135732F2A54A900448929 /* FeatureCard.swift */ = {isa = PBXFileReference; lastKnownFileType = sourcecode.swift; path = FeatureCard.swift; sourceTree = "<group>"; };
		40C135752F2A552700448929 /* FeaturedTextOverlay.swift */ = {isa = PBXFileReference; lastKnownFileType = sourcecode.swift; path = FeaturedTextOverlay.swift; sourceTree = "<group>"; };
		40C1357B2F2A561B00448929 /* PageView.swift */ = {isa = PBXFileReference; lastKnownFileType = sourcecode.swift; path = PageView.swift; sourceTree = "<group>"; };
		40E709732F112BC900D87B23 /* Landmark.swift */ = {isa = PBXFileReference; lastKnownFileType = sourcecode.swift; path = Landmark.swift; sourceTree = "<group>"; };
		40E709742F112BC900D87B23 /* ModelData.swift */ = {isa = PBXFileReference; lastKnownFileType = sourcecode.swift; path = ModelData.swift; sourceTree = "<group>"; };
		40E709762F112BC900D87B23 /* Preview Assets.xcassets */ = {isa = PBXFileReference; lastKnownFileType = folder.assetcatalog; path = "Preview Assets.xcassets"; sourceTree = "<group>"; };
		40E709782F112BC900D87B23 /* Assets.xcassets */ = {isa = PBXFileReference; lastKnownFileType = folder.assetcatalog; path = Assets.xcassets; sourceTree = "<group>"; };
		40E709792F112BC900D87B23 /* landmarkData.json */ = {isa = PBXFileReference; lastKnownFileType = text.json; path = landmarkData.json; sourceTree = "<group>"; };
		40E7097B2F112BC900D87B23 /* CircleImage.swift */ = {isa = PBXFileReference; lastKnownFileType = sourcecode.swift; path = CircleImage.swift; sourceTree = "<group>"; };
		40E7097C2F112BC900D87B23 /* ContentView.swift */ = {isa = PBXFileReference; lastKnownFileType = sourcecode.swift; path = ContentView.swift; sourceTree = "<group>"; };
		40E7097D2F112BC900D87B23 /* LandmarkRow.swift */ = {isa = PBXFileReference; lastKnownFileType = sourcecode.swift; path = LandmarkRow.swift; sourceTree = "<group>"; };
		40E7097E2F112BC900D87B23 /* MapView.swift */ = {isa = PBXFileReference; lastKnownFileType = sourcecode.swift; path = MapView.swift; sourceTree = "<group>"; };
		40E709802F112BC900D87B23 /* LandmarksApp.swift */ = {isa = PBXFileReference; lastKnownFileType = sourcecode.swift; path = LandmarksApp.swift; sourceTree = "<group>"; };
		40E7098C2F11552200D87B23 /* LandmarkList.swift */ = {isa = PBXFileReference; lastKnownFileType = sourcecode.swift; path = LandmarkList.swift; sourceTree = "<group>"; };
		40FA9B0B2F14F7ED00535CBC /* LandmarkDetail.swift */ = {isa = PBXFileReference; lastKnownFileType = sourcecode.swift; path = LandmarkDetail.swift; sourceTree = "<group>"; };
		40FA9B0F2F15078300535CBC /* FavoriteButton.swift */ = {isa = PBXFileReference; lastKnownFileType = sourcecode.swift; path = FavoriteButton.swift; sourceTree = "<group>"; };
/* End PBXFileReference section */

/* Begin PBXFileSystemSynchronizedRootGroup section */
		4064BD462F0D41EA000C0BB4 /* LandmarksTests */ = {
			isa = PBXFileSystemSynchronizedRootGroup;
			path = LandmarksTests;
			sourceTree = "<group>";
		};
		4064BD502F0D41EA000C0BB4 /* LandmarksUITests */ = {
			isa = PBXFileSystemSynchronizedRootGroup;
			path = LandmarksUITests;
			sourceTree = "<group>";
		};
/* End PBXFileSystemSynchronizedRootGroup section */

/* Begin PBXFrameworksBuildPhase section */
		4064BD302F0D41E8000C0BB4 /* Frameworks */ = {
			isa = PBXFrameworksBuildPhase;
			buildActionMask = 2147483647;
			files = (
			);
			runOnlyForDeploymentPostprocessing = 0;
		};
		4064BD402F0D41EA000C0BB4 /* Frameworks */ = {
			isa = PBXFrameworksBuildPhase;
			buildActionMask = 2147483647;
			files = (
			);
			runOnlyForDeploymentPostprocessing = 0;
		};
		4064BD4A2F0D41EA000C0BB4 /* Frameworks */ = {
			isa = PBXFrameworksBuildPhase;
			buildActionMask = 2147483647;
			files = (
			);
			runOnlyForDeploymentPostprocessing = 0;
		};
/* End PBXFrameworksBuildPhase section */

/* Begin PBXGroup section */
		4064BD2A2F0D41E8000C0BB4 = {
			isa = PBXGroup;
			children = (
				40E709812F112BC900D87B23 /* Landmarks */,
				40E7097A2F112BC900D87B23 /* Resources */,
				4064BD462F0D41EA000C0BB4 /* LandmarksTests */,
				4064BD502F0D41EA000C0BB4 /* LandmarksUITests */,
				4064BD342F0D41E8000C0BB4 /* Products */,
			);
			sourceTree = "<group>";
		};
		4064BD342F0D41E8000C0BB4 /* Products */ = {
			isa = PBXGroup;
			children = (
				4064BD332F0D41E8000C0BB4 /* Landmarks.app */,
				4064BD432F0D41EA000C0BB4 /* LandmarksTests.xctest */,
				4064BD4D2F0D41EA000C0BB4 /* LandmarksUITests.xctest */,
			);
			name = Products;
			sourceTree = "<group>";
		};
		4075A0042F254985002F9BB4 /* Profile */ = {
			isa = PBXGroup;
			children = (
				4075A0052F25498C002F9BB4 /* ProfileHost.swift */,
				4075A00B2F25556F002F9BB4 /* ProfileEditor.swift */,
				4075A0072F2549C5002F9BB4 /* ProfileSummary.swift */,
			);
			path = Profile;
			sourceTree = "<group>";
		};
		408BDA2A2F1638700023E58C /* Hike */ = {
			isa = PBXGroup;
			children = (
				408BDA2E2F1639D60023E58C /* HikeView.swift */,
				408BDA362F163E650023E58C /* SubViews */,
				4075A0092F254AB6002F9BB4 /* HikeBadge.swift */,
			);
			path = Hike;
			sourceTree = "<group>";
		};
		408BDA2D2F16399D0023E58C /* Main */ = {
			isa = PBXGroup;
			children = (
				40E709742F112BC900D87B23 /* ModelData.swift */,
			);
			path = Main;
			sourceTree = "<group>";
		};
		408BDA362F163E650023E58C /* SubViews */ = {
			isa = PBXGroup;
			children = (
				408BDA302F1639FA0023E58C /* HikeGraph.swift */,
				408BDA322F163A020023E58C /* GraphCapsule.swift */,
				408BDA332F163A020023E58C /* HikeDetail.swift */,
			);
			path = SubViews;
			sourceTree = "<group>";
		};
		408BDA372F163F4C0023E58C /* Categories */ = {
			isa = PBXGroup;
			children = (
				408BDA382F163F580023E58C /* CategoryHome.swift */,
				408BDA3A2F1643ED0023E58C /* CategoryRow.swift */,
				408BDA3C2F1645400023E58C /* CategoryItem.swift */,
			);
			path = Categories;
			sourceTree = "<group>";
		};
		40C006172F150FB500484A66 /* Badge */ = {
			isa = PBXGroup;
			children = (
				40C006182F150FC000484A66 /* BadgeBackground.swift */,
				40C0061A2F15123100484A66 /* BadgeSymbol.swift */,
				40C0061C2F15126E00484A66 /* RotatedBadgeSymbol.swift */,
				40C0061E2F15129300484A66 /* Badge.swift */,
			);
			path = Badge;
			sourceTree = "<group>";
		};
		40C135702F2A537700448929 /* PageView */ = {
			isa = PBXGroup;
			children = (
				40C135712F2A538900448929 /* PageViewController.swift */,
				40C1357B2F2A561B00448929 /* PageView.swift */,
			);
			path = PageView;
			sourceTree = "<group>";
		};
		40C135772F2A55AC00448929 /* Featured */ = {
			isa = PBXGroup;
			children = (
				40C135732F2A54A900448929 /* FeatureCard.swift */,
				40C135752F2A552700448929 /* FeaturedTextOverlay.swift */,
			);
			path = Featured;
			sourceTree = "<group>";
		};
		40C135792F2A55D800448929 /* List */ = {
			isa = PBXGroup;
			children = (
				40E7098C2F11552200D87B23 /* LandmarkList.swift */,
				40E7097D2F112BC900D87B23 /* LandmarkRow.swift */,
				40C135772F2A55AC00448929 /* Featured */,
			);
			path = List;
			sourceTree = "<group>";
		};
		40C1357A2F2A55E300448929 /* Details */ = {
			isa = PBXGroup;
			children = (
				40FA9B0B2F14F7ED00535CBC /* LandmarkDetail.swift */,
			);
			path = Details;
			sourceTree = "<group>";
		};
		40E709752F112BC900D87B23 /* Models */ = {
			isa = PBXGroup;
			children = (
				408BDA2D2F16399D0023E58C /* Main */,
				408BDA2B2F1638A00023E58C /* Hike.swift */,
				40C006152F150F1E00484A66 /* HexagonParameters.swift */,
				40E709732F112BC900D87B23 /* Landmark.swift */,
				4075A0022F254952002F9BB4 /* Profile.swift */,
			);
			path = Models;
			sourceTree = "<group>";
		};
		40E709772F112BC900D87B23 /* Preview Content */ = {
			isa = PBXGroup;
			children = (
				40E709762F112BC900D87B23 /* Preview Assets.xcassets */,
			);
			path = "Preview Content";
			sourceTree = "<group>";
		};
		40E7097A2F112BC900D87B23 /* Resources */ = {
			isa = PBXGroup;
			children = (
				40E709782F112BC900D87B23 /* Assets.xcassets */,
				40E709792F112BC900D87B23 /* landmarkData.json */,
				408BDA272F1638470023E58C /* hikeData.json */,
			);
			path = Resources;
			sourceTree = "<group>";
		};
		40E7097F2F112BC900D87B23 /* Views */ = {
			isa = PBXGroup;
			children = (
				40C135702F2A537700448929 /* PageView */,
				4075A0042F254985002F9BB4 /* Profile */,
				40FA9B0D2F14F83700535CBC /* Main */,
				408BDA372F163F4C0023E58C /* Categories */,
				408BDA2A2F1638700023E58C /* Hike */,
				40C006172F150FB500484A66 /* Badge */,
				40FA9B112F15085F00535CBC /* Landmark */,
			);
			path = Views;
			sourceTree = "<group>";
		};
		40E709812F112BC900D87B23 /* Landmarks */ = {
			isa = PBXGroup;
			children = (
				40E709802F112BC900D87B23 /* LandmarksApp.swift */,
				40E709752F112BC900D87B23 /* Models */,
				40E709772F112BC900D87B23 /* Preview Content */,
				40E7097F2F112BC900D87B23 /* Views */,
			);
			path = Landmarks;
			sourceTree = "<group>";
		};
		40FA9B0D2F14F83700535CBC /* Main */ = {
			isa = PBXGroup;
			children = (
				40E7097C2F112BC900D87B23 /* ContentView.swift */,
			);
			path = Main;
			sourceTree = "<group>";
		};
		40FA9B0E2F14F84500535CBC /* SubViews */ = {
			isa = PBXGroup;
			children = (
				40E7097B2F112BC900D87B23 /* CircleImage.swift */,
				40E7097E2F112BC900D87B23 /* MapView.swift */,
				40FA9B0F2F15078300535CBC /* FavoriteButton.swift */,
			);
			path = SubViews;
			sourceTree = "<group>";
		};
		40FA9B112F15085F00535CBC /* Landmark */ = {
			isa = PBXGroup;
			children = (
				40C135792F2A55D800448929 /* List */,
				40C1357A2F2A55E300448929 /* Details */,
				40FA9B0E2F14F84500535CBC /* SubViews */,
			);
			path = Landmark;
			sourceTree = "<group>";
		};
/* End PBXGroup section */

/* Begin PBXNativeTarget section */
		4064BD322F0D41E8000C0BB4 /* Landmarks */ = {
			isa = PBXNativeTarget;
			buildConfigurationList = 4064BD572F0D41EA000C0BB4 /* Build configuration list for PBXNativeTarget "Landmarks" */;
			buildPhases = (
				4064BD2F2F0D41E8000C0BB4 /* Sources */,
				4064BD302F0D41E8000C0BB4 /* Frameworks */,
				4064BD312F0D41E8000C0BB4 /* Resources */,
			);
			buildRules = (
			);
			dependencies = (
			);
			name = Landmarks;
			packageProductDependencies = (
			);
			productName = Landmarks;
			productReference = 4064BD332F0D41E8000C0BB4 /* Landmarks.app */;
			productType = "com.apple.product-type.application";
		};
		4064BD422F0D41EA000C0BB4 /* LandmarksTests */ = {
			isa = PBXNativeTarget;
			buildConfigurationList = 4064BD5A2F0D41EA000C0BB4 /* Build configuration list for PBXNativeTarget "LandmarksTests" */;
			buildPhases = (
				4064BD3F2F0D41EA000C0BB4 /* Sources */,
				4064BD402F0D41EA000C0BB4 /* Frameworks */,
				4064BD412F0D41EA000C0BB4 /* Resources */,
			);
			buildRules = (
			);
			dependencies = (
				4064BD452F0D41EA000C0BB4 /* PBXTargetDependency */,
			);
			fileSystemSynchronizedGroups = (
				4064BD462F0D41EA000C0BB4 /* LandmarksTests */,
			);
			name = LandmarksTests;
			packageProductDependencies = (
			);
			productName = LandmarksTests;
			productReference = 4064BD432F0D41EA000C0BB4 /* LandmarksTests.xctest */;
			productType = "com.apple.product-type.bundle.unit-test";
		};
		4064BD4C2F0D41EA000C0BB4 /* LandmarksUITests */ = {
			isa = PBXNativeTarget;
			buildConfigurationList = 4064BD5D2F0D41EA000C0BB4 /* Build configuration list for PBXNativeTarget "LandmarksUITests" */;
			buildPhases = (
				4064BD492F0D41EA000C0BB4 /* Sources */,
				4064BD4A2F0D41EA000C0BB4 /* Frameworks */,
				4064BD4B2F0D41EA000C0BB4 /* Resources */,
			);
			buildRules = (
			);
			dependencies = (
				4064BD4F2F0D41EA000C0BB4 /* PBXTargetDependency */,
			);
			fileSystemSynchronizedGroups = (
				4064BD502F0D41EA000C0BB4 /* LandmarksUITests */,
			);
			name = LandmarksUITests;
			packageProductDependencies = (
			);
			productName = LandmarksUITests;
			productReference = 4064BD4D2F0D41EA000C0BB4 /* LandmarksUITests.xctest */;
			productType = "com.apple.product-type.bundle.ui-testing";
		};
/* End PBXNativeTarget section */

/* Begin PBXProject section */
		4064BD2B2F0D41E8000C0BB4 /* Project object */ = {
			isa = PBXProject;
			attributes = {
				BuildIndependentTargetsInParallel = 1;
				LastSwiftUpdateCheck = 1620;
				LastUpgradeCheck = 1620;
				TargetAttributes = {
					4064BD322F0D41E8000C0BB4 = {
						CreatedOnToolsVersion = 16.2;
					};
					4064BD422F0D41EA000C0BB4 = {
						CreatedOnToolsVersion = 16.2;
						TestTargetID = 4064BD322F0D41E8000C0BB4;
					};
					4064BD4C2F0D41EA000C0BB4 = {
						CreatedOnToolsVersion = 16.2;
						TestTargetID = 4064BD322F0D41E8000C0BB4;
					};
				};
			};
			buildConfigurationList = 4064BD2E2F0D41E8000C0BB4 /* Build configuration list for PBXProject "Landmarks" */;
			developmentRegion = en;
			hasScannedForEncodings = 0;
			knownRegions = (
				en,
				Base,
			);
			mainGroup = 4064BD2A2F0D41E8000C0BB4;
			minimizedProjectReferenceProxies = 1;
			preferredProjectObjectVersion = 77;
			productRefGroup = 4064BD342F0D41E8000C0BB4 /* Products */;
			projectDirPath = "";
			projectRoot = "";
			targets = (
				4064BD322F0D41E8000C0BB4 /* Landmarks */,
				4064BD422F0D41EA000C0BB4 /* LandmarksTests */,
				4064BD4C2F0D41EA000C0BB4 /* LandmarksUITests */,
			);
		};
/* End PBXProject section */

/* Begin PBXResourcesBuildPhase section */
		4064BD312F0D41E8000C0BB4 /* Resources */ = {
			isa = PBXResourcesBuildPhase;
			buildActionMask = 2147483647;
			files = (
				408BDA282F1638470023E58C /* hikeData.json in Resources */,
				40E709892F112BC900D87B23 /* Preview Assets.xcassets in Resources */,
				40E7098A2F112BC900D87B23 /* Assets.xcassets in Resources */,
				40E7098B2F112BC900D87B23 /* landmarkData.json in Resources */,
			);
			runOnlyForDeploymentPostprocessing = 0;
		};
		4064BD412F0D41EA000C0BB4 /* Resources */ = {
			isa = PBXResourcesBuildPhase;
			buildActionMask = 2147483647;
			files = (
			);
			runOnlyForDeploymentPostprocessing = 0;
		};
		4064BD4B2F0D41EA000C0BB4 /* Resources */ = {
			isa = PBXResourcesBuildPhase;
			buildActionMask = 2147483647;
			files = (
			);
			runOnlyForDeploymentPostprocessing = 0;
		};
/* End PBXResourcesBuildPhase section */

/* Begin PBXSourcesBuildPhase section */
		4064BD2F2F0D41E8000C0BB4 /* Sources */ = {
			isa = PBXSourcesBuildPhase;
			buildActionMask = 2147483647;
			files = (
				408BDA3B2F1643ED0023E58C /* CategoryRow.swift in Sources */,
				40C1357C2F2A561B00448929 /* PageView.swift in Sources */,
				4075A0032F254952002F9BB4 /* Profile.swift in Sources */,
				40E709822F112BC900D87B23 /* Landmark.swift in Sources */,
				408BDA392F163F580023E58C /* CategoryHome.swift in Sources */,
				40C135742F2A54A900448929 /* FeatureCard.swift in Sources */,
				408BDA312F1639FA0023E58C /* HikeGraph.swift in Sources */,
				40C0061F2F15129300484A66 /* Badge.swift in Sources */,
				40C135762F2A552700448929 /* FeaturedTextOverlay.swift in Sources */,
				40E709832F112BC900D87B23 /* ModelData.swift in Sources */,
				40E709842F112BC900D87B23 /* CircleImage.swift in Sources */,
				40FA9B102F15078300535CBC /* FavoriteButton.swift in Sources */,
				408BDA2F2F1639D60023E58C /* HikeView.swift in Sources */,
				408BDA3D2F1645400023E58C /* CategoryItem.swift in Sources */,
				40C006162F150F1E00484A66 /* HexagonParameters.swift in Sources */,
				4075A0082F2549C5002F9BB4 /* ProfileSummary.swift in Sources */,
				408BDA2C2F1638A00023E58C /* Hike.swift in Sources */,
				4075A0062F25498C002F9BB4 /* ProfileHost.swift in Sources */,
				40C0061D2F15126E00484A66 /* RotatedBadgeSymbol.swift in Sources */,
				40C0061B2F15123100484A66 /* BadgeSymbol.swift in Sources */,
				40E7098D2F11552200D87B23 /* LandmarkList.swift in Sources */,
				4075A00C2F25556F002F9BB4 /* ProfileEditor.swift in Sources */,
				408BDA342F163A020023E58C /* GraphCapsule.swift in Sources */,
				408BDA352F163A020023E58C /* HikeDetail.swift in Sources */,
				40FA9B0C2F14F7ED00535CBC /* LandmarkDetail.swift in Sources */,
				40C135722F2A538900448929 /* PageViewController.swift in Sources */,
				40C006192F150FC000484A66 /* BadgeBackground.swift in Sources */,
				4075A00A2F254AB6002F9BB4 /* HikeBadge.swift in Sources */,
				40E709852F112BC900D87B23 /* ContentView.swift in Sources */,
				40E709862F112BC900D87B23 /* LandmarkRow.swift in Sources */,
				40E709872F112BC900D87B23 /* MapView.swift in Sources */,
				40E709882F112BC900D87B23 /* LandmarksApp.swift in Sources */,
			);
			runOnlyForDeploymentPostprocessing = 0;
		};
		4064BD3F2F0D41EA000C0BB4 /* Sources */ = {
			isa = PBXSourcesBuildPhase;
			buildActionMask = 2147483647;
			files = (
			);
			runOnlyForDeploymentPostprocessing = 0;
		};
		4064BD492F0D41EA000C0BB4 /* Sources */ = {
			isa = PBXSourcesBuildPhase;
			buildActionMask = 2147483647;
			files = (
			);
			runOnlyForDeploymentPostprocessing = 0;
		};
/* End PBXSourcesBuildPhase section */

/* Begin PBXTargetDependency section */
		4064BD452F0D41EA000C0BB4 /* PBXTargetDependency */ = {
			isa = PBXTargetDependency;
			target = 4064BD322F0D41E8000C0BB4 /* Landmarks */;
			targetProxy = 4064BD442F0D41EA000C0BB4 /* PBXContainerItemProxy */;
		};
		4064BD4F2F0D41EA000C0BB4 /* PBXTargetDependency */ = {
			isa = PBXTargetDependency;
			target = 4064BD322F0D41E8000C0BB4 /* Landmarks */;
			targetProxy = 4064BD4E2F0D41EA000C0BB4 /* PBXContainerItemProxy */;
		};
/* End PBXTargetDependency section */

/* Begin XCBuildConfiguration section */
		4064BD552F0D41EA000C0BB4 /* Debug */ = {
			isa = XCBuildConfiguration;
			buildSettings = {
				ALWAYS_SEARCH_USER_PATHS = NO;
				ASSETCATALOG_COMPILER_GENERATE_SWIFT_ASSET_SYMBOL_EXTENSIONS = YES;
				CLANG_ANALYZER_NONNULL = YES;
				CLANG_ANALYZER_NUMBER_OBJECT_CONVERSION = YES_AGGRESSIVE;
				CLANG_CXX_LANGUAGE_STANDARD = "gnu++20";
				CLANG_ENABLE_MODULES = YES;
				CLANG_ENABLE_OBJC_ARC = YES;
				CLANG_ENABLE_OBJC_WEAK = YES;
				CLANG_WARN_BLOCK_CAPTURE_AUTORELEASING = YES;
				CLANG_WARN_BOOL_CONVERSION = YES;
				CLANG_WARN_COMMA = YES;
				CLANG_WARN_CONSTANT_CONVERSION = YES;
				CLANG_WARN_DEPRECATED_OBJC_IMPLEMENTATIONS = YES;
				CLANG_WARN_DIRECT_OBJC_ISA_USAGE = YES_ERROR;
				CLANG_WARN_DOCUMENTATION_COMMENTS = YES;
				CLANG_WARN_EMPTY_BODY = YES;
				CLANG_WARN_ENUM_CONVERSION = YES;
				CLANG_WARN_INFINITE_RECURSION = YES;
				CLANG_WARN_INT_CONVERSION = YES;
				CLANG_WARN_NON_LITERAL_NULL_CONVERSION = YES;
				CLANG_WARN_OBJC_IMPLICIT_RETAIN_SELF = YES;
				CLANG_WARN_OBJC_LITERAL_CONVERSION = YES;
				CLANG_WARN_OBJC_ROOT_CLASS = YES_ERROR;
				CLANG_WARN_QUOTED_INCLUDE_IN_FRAMEWORK_HEADER = YES;
				CLANG_WARN_RANGE_LOOP_ANALYSIS = YES;
				CLANG_WARN_STRICT_PROTOTYPES = YES;
				CLANG_WARN_SUSPICIOUS_MOVE = YES;
				CLANG_WARN_UNGUARDED_AVAILABILITY = YES_AGGRESSIVE;
				CLANG_WARN_UNREACHABLE_CODE = YES;
				CLANG_WARN__DUPLICATE_METHOD_MATCH = YES;
				COPY_PHASE_STRIP = NO;
				DEBUG_INFORMATION_FORMAT = dwarf;
				ENABLE_STRICT_OBJC_MSGSEND = YES;
				ENABLE_TESTABILITY = YES;
				ENABLE_USER_SCRIPT_SANDBOXING = YES;
				GCC_C_LANGUAGE_STANDARD = gnu17;
				GCC_DYNAMIC_NO_PIC = NO;
				GCC_NO_COMMON_BLOCKS = YES;
				GCC_OPTIMIZATION_LEVEL = 0;
				GCC_PREPROCESSOR_DEFINITIONS = (
					"DEBUG=1",
					"$(inherited)",
				);
				GCC_WARN_64_TO_32_BIT_CONVERSION = YES;
				GCC_WARN_ABOUT_RETURN_TYPE = YES_ERROR;
				GCC_WARN_UNDECLARED_SELECTOR = YES;
				GCC_WARN_UNINITIALIZED_AUTOS = YES_AGGRESSIVE;
				GCC_WARN_UNUSED_FUNCTION = YES;
				GCC_WARN_UNUSED_VARIABLE = YES;
				IPHONEOS_DEPLOYMENT_TARGET = 18.2;
				LOCALIZATION_PREFERS_STRING_CATALOGS = YES;
				MTL_ENABLE_DEBUG_INFO = INCLUDE_SOURCE;
				MTL_FAST_MATH = YES;
				ONLY_ACTIVE_ARCH = YES;
				SDKROOT = iphoneos;
				SWIFT_ACTIVE_COMPILATION_CONDITIONS = "DEBUG $(inherited)";
				SWIFT_OPTIMIZATION_LEVEL = "-Onone";
			};
			name = Debug;
		};
		4064BD562F0D41EA000C0BB4 /* Release */ = {
			isa = XCBuildConfiguration;
			buildSettings = {
				ALWAYS_SEARCH_USER_PATHS = NO;
				ASSETCATALOG_COMPILER_GENERATE_SWIFT_ASSET_SYMBOL_EXTENSIONS = YES;
				CLANG_ANALYZER_NONNULL = YES;
				CLANG_ANALYZER_NUMBER_OBJECT_CONVERSION = YES_AGGRESSIVE;
				CLANG_CXX_LANGUAGE_STANDARD = "gnu++20";
				CLANG_ENABLE_MODULES = YES;
				CLANG_ENABLE_OBJC_ARC = YES;
				CLANG_ENABLE_OBJC_WEAK = YES;
				CLANG_WARN_BLOCK_CAPTURE_AUTORELEASING = YES;
				CLANG_WARN_BOOL_CONVERSION = YES;
				CLANG_WARN_COMMA = YES;
				CLANG_WARN_CONSTANT_CONVERSION = YES;
				CLANG_WARN_DEPRECATED_OBJC_IMPLEMENTATIONS = YES;
				CLANG_WARN_DIRECT_OBJC_ISA_USAGE = YES_ERROR;
				CLANG_WARN_DOCUMENTATION_COMMENTS = YES;
				CLANG_WARN_EMPTY_BODY = YES;
				CLANG_WARN_ENUM_CONVERSION = YES;
				CLANG_WARN_INFINITE_RECURSION = YES;
				CLANG_WARN_INT_CONVERSION = YES;
				CLANG_WARN_NON_LITERAL_NULL_CONVERSION = YES;
				CLANG_WARN_OBJC_IMPLICIT_RETAIN_SELF = YES;
				CLANG_WARN_OBJC_LITERAL_CONVERSION = YES;
				CLANG_WARN_OBJC_ROOT_CLASS = YES_ERROR;
				CLANG_WARN_QUOTED_INCLUDE_IN_FRAMEWORK_HEADER = YES;
				CLANG_WARN_RANGE_LOOP_ANALYSIS = YES;
				CLANG_WARN_STRICT_PROTOTYPES = YES;
				CLANG_WARN_SUSPICIOUS_MOVE = YES;
				CLANG_WARN_UNGUARDED_AVAILABILITY = YES_AGGRESSIVE;
				CLANG_WARN_UNREACHABLE_CODE = YES;
				CLANG_WARN__DUPLICATE_METHOD_MATCH = YES;
				COPY_PHASE_STRIP = NO;
				DEBUG_INFORMATION_FORMAT = "dwarf-with-dsym";
				ENABLE_NS_ASSERTIONS = NO;
				ENABLE_STRICT_OBJC_MSGSEND = YES;
				ENABLE_USER_SCRIPT_SANDBOXING = YES;
				GCC_C_LANGUAGE_STANDARD = gnu17;
				GCC_NO_COMMON_BLOCKS = YES;
				GCC_WARN_64_TO_32_BIT_CONVERSION = YES;
				GCC_WARN_ABOUT_RETURN_TYPE = YES_ERROR;
				GCC_WARN_UNDECLARED_SELECTOR = YES;
				GCC_WARN_UNINITIALIZED_AUTOS = YES_AGGRESSIVE;
				GCC_WARN_UNUSED_FUNCTION = YES;
				GCC_WARN_UNUSED_VARIABLE = YES;
				IPHONEOS_DEPLOYMENT_TARGET = 18.2;
				LOCALIZATION_PREFERS_STRING_CATALOGS = YES;
				MTL_ENABLE_DEBUG_INFO = NO;
				MTL_FAST_MATH = YES;
				SDKROOT = iphoneos;
				SWIFT_COMPILATION_MODE = wholemodule;
				VALIDATE_PRODUCT = YES;
			};
			name = Release;
		};
		4064BD582F0D41EA000C0BB4 /* Debug */ = {
			isa = XCBuildConfiguration;
			buildSettings = {
				ASSETCATALOG_COMPILER_APPICON_NAME = AppIcon;
				ASSETCATALOG_COMPILER_GLOBAL_ACCENT_COLOR_NAME = AccentColor;
				CODE_SIGN_STYLE = Automatic;
				CURRENT_PROJECT_VERSION = 1;
				DEVELOPMENT_ASSET_PATHS = "\"Landmarks/Preview Content\"";
				ENABLE_PREVIEWS = YES;
				GENERATE_INFOPLIST_FILE = YES;
				INFOPLIST_KEY_UIApplicationSceneManifest_Generation = YES;
				INFOPLIST_KEY_UIApplicationSupportsIndirectInputEvents = YES;
				INFOPLIST_KEY_UILaunchScreen_Generation = YES;
				INFOPLIST_KEY_UISupportedInterfaceOrientations_iPad = "UIInterfaceOrientationPortrait UIInterfaceOrientationPortraitUpsideDown UIInterfaceOrientationLandscapeLeft UIInterfaceOrientationLandscapeRight";
				INFOPLIST_KEY_UISupportedInterfaceOrientations_iPhone = "UIInterfaceOrientationPortrait UIInterfaceOrientationLandscapeLeft UIInterfaceOrientationLandscapeRight";
				LD_RUNPATH_SEARCH_PATHS = (
					"$(inherited)",
					"@executable_path/Frameworks",
				);
				MARKETING_VERSION = 1.0;
				PRODUCT_BUNDLE_IDENTIFIER = hellensoloviy.Landmarks;
				PRODUCT_NAME = "$(TARGET_NAME)";
				SWIFT_EMIT_LOC_STRINGS = YES;
				SWIFT_VERSION = 5.0;
				TARGETED_DEVICE_FAMILY = "1,2";
			};
			name = Debug;
		};
		4064BD592F0D41EA000C0BB4 /* Release */ = {
			isa = XCBuildConfiguration;
			buildSettings = {
				ASSETCATALOG_COMPILER_APPICON_NAME = AppIcon;
				ASSETCATALOG_COMPILER_GLOBAL_ACCENT_COLOR_NAME = AccentColor;
				CODE_SIGN_STYLE = Automatic;
				CURRENT_PROJECT_VERSION = 1;
				DEVELOPMENT_ASSET_PATHS = "\"Landmarks/Preview Content\"";
				ENABLE_PREVIEWS = YES;
				GENERATE_INFOPLIST_FILE = YES;
				INFOPLIST_KEY_UIApplicationSceneManifest_Generation = YES;
				INFOPLIST_KEY_UIApplicationSupportsIndirectInputEvents = YES;
				INFOPLIST_KEY_UILaunchScreen_Generation = YES;
				INFOPLIST_KEY_UISupportedInterfaceOrientations_iPad = "UIInterfaceOrientationPortrait UIInterfaceOrientationPortraitUpsideDown UIInterfaceOrientationLandscapeLeft UIInterfaceOrientationLandscapeRight";
				INFOPLIST_KEY_UISupportedInterfaceOrientations_iPhone = "UIInterfaceOrientationPortrait UIInterfaceOrientationLandscapeLeft UIInterfaceOrientationLandscapeRight";
				LD_RUNPATH_SEARCH_PATHS = (
					"$(inherited)",
					"@executable_path/Frameworks",
				);
				MARKETING_VERSION = 1.0;
				PRODUCT_BUNDLE_IDENTIFIER = hellensoloviy.Landmarks;
				PRODUCT_NAME = "$(TARGET_NAME)";
				SWIFT_EMIT_LOC_STRINGS = YES;
				SWIFT_VERSION = 5.0;
				TARGETED_DEVICE_FAMILY = "1,2";
			};
			name = Release;
		};
		4064BD5B2F0D41EA000C0BB4 /* Debug */ = {
			isa = XCBuildConfiguration;
			buildSettings = {
				BUNDLE_LOADER = "$(TEST_HOST)";
				CODE_SIGN_STYLE = Automatic;
				CURRENT_PROJECT_VERSION = 1;
				GENERATE_INFOPLIST_FILE = YES;
				IPHONEOS_DEPLOYMENT_TARGET = 18.2;
				MARKETING_VERSION = 1.0;
				PRODUCT_BUNDLE_IDENTIFIER = hellensoloviy.LandmarksTests;
				PRODUCT_NAME = "$(TARGET_NAME)";
				SWIFT_EMIT_LOC_STRINGS = NO;
				SWIFT_VERSION = 5.0;
				TARGETED_DEVICE_FAMILY = "1,2";
				TEST_HOST = "$(BUILT_PRODUCTS_DIR)/Landmarks.app/$(BUNDLE_EXECUTABLE_FOLDER_PATH)/Landmarks";
			};
			name = Debug;
		};
		4064BD5C2F0D41EA000C0BB4 /* Release */ = {
			isa = XCBuildConfiguration;
			buildSettings = {
				BUNDLE_LOADER = "$(TEST_HOST)";
				CODE_SIGN_STYLE = Automatic;
				CURRENT_PROJECT_VERSION = 1;
				GENERATE_INFOPLIST_FILE = YES;
				IPHONEOS_DEPLOYMENT_TARGET = 18.2;
				MARKETING_VERSION = 1.0;
				PRODUCT_BUNDLE_IDENTIFIER = hellensoloviy.LandmarksTests;
				PRODUCT_NAME = "$(TARGET_NAME)";
				SWIFT_EMIT_LOC_STRINGS = NO;
				SWIFT_VERSION = 5.0;
				TARGETED_DEVICE_FAMILY = "1,2";
				TEST_HOST = "$(BUILT_PRODUCTS_DIR)/Landmarks.app/$(BUNDLE_EXECUTABLE_FOLDER_PATH)/Landmarks";
			};
			name = Release;
		};
		4064BD5E2F0D41EA000C0BB4 /* Debug */ = {
			isa = XCBuildConfiguration;
			buildSettings = {
				CODE_SIGN_STYLE = Automatic;
				CURRENT_PROJECT_VERSION = 1;
				GENERATE_INFOPLIST_FILE = YES;
				MARKETING_VERSION = 1.0;
				PRODUCT_BUNDLE_IDENTIFIER = hellensoloviy.LandmarksUITests;
				PRODUCT_NAME = "$(TARGET_NAME)";
				SWIFT_EMIT_LOC_STRINGS = NO;
				SWIFT_VERSION = 5.0;
				TARGETED_DEVICE_FAMILY = "1,2";
				TEST_TARGET_NAME = Landmarks;
			};
			name = Debug;
		};
		4064BD5F2F0D41EA000C0BB4 /* Release */ = {
			isa = XCBuildConfiguration;
			buildSettings = {
				CODE_SIGN_STYLE = Automatic;
				CURRENT_PROJECT_VERSION = 1;
				GENERATE_INFOPLIST_FILE = YES;
				MARKETING_VERSION = 1.0;
				PRODUCT_BUNDLE_IDENTIFIER = hellensoloviy.LandmarksUITests;
				PRODUCT_NAME = "$(TARGET_NAME)";
				SWIFT_EMIT_LOC_STRINGS = NO;
				SWIFT_VERSION = 5.0;
				TARGETED_DEVICE_FAMILY = "1,2";
				TEST_TARGET_NAME = Landmarks;
			};
			name = Release;
		};
/* End XCBuildConfiguration section */

/* Begin XCConfigurationList section */
		4064BD2E2F0D41E8000C0BB4 /* Build configuration list for PBXProject "Landmarks" */ = {
			isa = XCConfigurationList;
			buildConfigurations = (
				4064BD552F0D41EA000C0BB4 /* Debug */,
				4064BD562F0D41EA000C0BB4 /* Release */,
			);
			defaultConfigurationIsVisible = 0;
			defaultConfigurationName = Release;
		};
		4064BD572F0D41EA000C0BB4 /* Build configuration list for PBXNativeTarget "Landmarks" */ = {
			isa = XCConfigurationList;
			buildConfigurations = (
				4064BD582F0D41EA000C0BB4 /* Debug */,
				4064BD592F0D41EA000C0BB4 /* Release */,
			);
			defaultConfigurationIsVisible = 0;
			defaultConfigurationName = Release;
		};
		4064BD5A2F0D41EA000C0BB4 /* Build configuration list for PBXNativeTarget "LandmarksTests" */ = {
			isa = XCConfigurationList;
			buildConfigurations = (
				4064BD5B2F0D41EA000C0BB4 /* Debug */,
				4064BD5C2F0D41EA000C0BB4 /* Release */,
			);
			defaultConfigurationIsVisible = 0;
			defaultConfigurationName = Release;
		};
		4064BD5D2F0D41EA000C0BB4 /* Build configuration list for PBXNativeTarget "LandmarksUITests" */ = {
			isa = XCConfigurationList;
			buildConfigurations = (
				4064BD5E2F0D41EA000C0BB4 /* Debug */,
				4064BD5F2F0D41EA000C0BB4 /* Release */,
			);
			defaultConfigurationIsVisible = 0;
			defaultConfigurationName = Release;
		};
/* End XCConfigurationList section */
	};
	rootObject = 4064BD2B2F0D41E8000C0BB4 /* Project object */;
}
